# @generated by Move, please check-in and do not edit manually.

[move]
version = 3
manifest_digest = "B16164479A2ECA5C8BC0E0F4DFF54078CF01AB6A8777B73CEBA8EFB5EAF1E3FA"
deps_digest = "52B406A7A21811BEF51751CF88DA0E76DAEFFEAC888D4F4060B1A72BBE7D8D35"
dependencies = [
  { id = "Bridge", name = "Bridge" },
  { id = "MoveStdlib", name = "MoveStdlib" },
  { id = "Sui", name = "Sui" },
  { id = "SuiSystem", name = "SuiSystem" },
  { id = "hello2", name = "hello2" },
  { id = "hello4", name = "hello4" },
]

[[move.package]]
id = "Bridge"
source = { git = "https://github.com/MystenLabs/sui.git", rev = "c1f1ae650fb9f9248b39a569400b4420820868db", subdir = "crates/sui-framework/packages/bridge" }

dependencies = [
  { id = "MoveStdlib", name = "MoveStdlib" },
  { id = "Sui", name = "Sui" },
  { id = "SuiSystem", name = "SuiSystem" },
]

[[move.package]]
id = "MoveStdlib"
source = { git = "https://github.com/MystenLabs/sui.git", rev = "c1f1ae650fb9f9248b39a569400b4420820868db", subdir = "crates/sui-framework/packages/move-stdlib" }

[[move.package]]
id = "Sui"
source = { git = "https://github.com/MystenLabs/sui.git", rev = "c1f1ae650fb9f9248b39a569400b4420820868db", subdir = "crates/sui-framework/packages/sui-framework" }

dependencies = [
  { id = "MoveStdlib", name = "MoveStdlib" },
]

[[move.package]]
id = "SuiSystem"
source = { git = "https://github.com/MystenLabs/sui.git", rev = "c1f1ae650fb9f9248b39a569400b4420820868db", subdir = "crates/sui-framework/packages/sui-system" }

dependencies = [
  { id = "MoveStdlib", name = "MoveStdlib" },
  { id = "Sui", name = "Sui" },
]

[[move.package]]
id = "hello1"
source = { local = "../hello1" }

dependencies = [
  { id = "Bridge", name = "Bridge" },
  { id = "MoveStdlib", name = "MoveStdlib" },
  { id = "Sui", name = "Sui" },
  { id = "SuiSystem", name = "SuiSystem" },
]

[[move.package]]
id = "hello2"
source = { local = "../hello2" }

dependencies = [
  { id = "Bridge", name = "Bridge" },
  { id = "MoveStdlib", name = "MoveStdlib" },
  { id = "Sui", name = "Sui" },
  { id = "SuiSystem", name = "SuiSystem" },
  { id = "hello1", name = "hello1" },
]

[[move.package]]
id = "hello4"
source = { local = "../hello4" }

dependencies = [
  { id = "Bridge", name = "Bridge" },
  { id = "MoveStdlib", name = "MoveStdlib" },
  { id = "Sui", name = "Sui" },
  { id = "SuiSystem", name = "SuiSystem" },
]

[move.toolchain-version]
compiler-version = "1.61.2"
edition = "2024.beta"
flavor = "sui"

[env]

[env.official]
chain-id = "35834a8a"
original-published-id = "0xb85b49f4e129b9b97d556c9853978b3695d588c8068accd8285d5a9a4078f610"
latest-published-id = "0xb85b49f4e129b9b97d556c9853978b3695d588c8068accd8285d5a9a4078f610"
published-version = "1"
